// !$*UTF8*$!
{
	archiveVersion = 1;
	classes = {
	};
	objectVersion = 77;
	objects = {

/* Begin PBXBuildFile section */
		02900F2394BA538C5E3EFE21 /* SettingsView.swift in Sources */ = {isa = PBXBuildFile; fileRef = 336F9EB868AB3D647A9B6D2B /* SettingsView.swift */; };
		0369555B921400DE8B8C557C /* WeekTimelineView.swift in Sources */ = {isa = PBXBuildFile; fileRef = F91EA7C858F85DB225F06E6B /* WeekTimelineView.swift */; };
		0884D463920EC2C59B799D96 /* GradesView.swift in Sources */ = {isa = PBXBuildFile; fileRef = DA747C4397038A2F51580983 /* GradesView.swift */; };
		0DDABAB94BFCC3AE450E4FC8 /* ScraperLoadingView.swift in Sources */ = {isa = PBXBuildFile; fileRef = B9A64BF92D652629883D3B71 /* ScraperLoadingView.swift */; };
		0F601BF04AC19160E16CA398 /* Endpoint.swift in Sources */ = {isa = PBXBuildFile; fileRef = 487E85E813B73462C0FEE385 /* Endpoint.swift */; };
		1378B06D5A54B9912512505C /* AgendaSwipeUITests.swift in Sources */ = {isa = PBXBuildFile; fileRef = 5D9B19889CD4A870D222D651 /* AgendaSwipeUITests.swift */; };
		1A79B6D1DA8CAEE1E3B8EA8C /* StateViews.swift in Sources */ = {isa = PBXBuildFile; fileRef = E1549AEFA911638FBB732CDD /* StateViews.swift */; };
		228B0ED964B6B04A32643D7D /* GradesViewModel.swift in Sources */ = {isa = PBXBuildFile; fileRef = 8A95AD370DC8D5BABA777A54 /* GradesViewModel.swift */; };
		28CE6586AF94BD10620EB7DA /* ReelView.swift in Sources */ = {isa = PBXBuildFile; fileRef = 3B6133D43A78207EDAC03009 /* ReelView.swift */; };
		2D78A044103AD21D7E2123E5 /* item_reveal.m4a in Resources */ = {isa = PBXBuildFile; fileRef = 2B30F4DB24CF911F00EB5CB6 /* item_reveal.m4a */; };
		2E18DF1F65437657A1CBDF25 /* EventBlockView.swift in Sources */ = {isa = PBXBuildFile; fileRef = 935D3CD258BF4963983E79FC /* EventBlockView.swift */; };
		2EFE91ED74125AFD52F89512 /* ScraperProgress.swift in Sources */ = {isa = PBXBuildFile; fileRef = 1D9363B3777FE074C50D445A /* ScraperProgress.swift */; };
		31B725BEB3AC83703684C749 /* SettingsStore.swift in Sources */ = {isa = PBXBuildFile; fileRef = 426021DFE07CB49362F2DEA2 /* SettingsStore.swift */; };
		36CF78D049C96A1A60B1FF2A /* reveal_start.m4a in Resources */ = {isa = PBXBuildFile; fileRef = 089B5232E274EBAEDC3B7C6C /* reveal_start.m4a */; };
		3A474AAD290B377930D96383 /* RootTabView.swift in Sources */ = {isa = PBXBuildFile; fileRef = AE8C007BB53402BD60CD0437 /* RootTabView.swift */; };
		4C799A9DD74657A6AE67935E /* AppEnvironment.swift in Sources */ = {isa = PBXBuildFile; fileRef = 0A9FAA9DC03AD0CBD2B135AA /* AppEnvironment.swift */; };
		4CD3490280D579C87A4E1F41 /* reveal_tick.m4a in Resources */ = {isa = PBXBuildFile; fileRef = 8049A4601AE7E6CB63DB5787 /* reveal_tick.m4a */; };
		5513EC188529714389C0442D /* APIClient.swift in Sources */ = {isa = PBXBuildFile; fileRef = A9DA4D8B5A48B7D0A3C13AF8 /* APIClient.swift */; };
		561034162D824D7D9C3D8145 /* RevealModeUITests.swift in Sources */ = {isa = PBXBuildFile; fileRef = 7F57BC2D9F05E33130BB2CD4 /* RevealModeUITests.swift */; };
		5CBF6449F0F8CA99C741ABEB /* LoginView.swift in Sources */ = {isa = PBXBuildFile; fileRef = 559299524D9F94B507E0087C /* LoginView.swift */; };
		65F90DD3F5800368121C86B2 /* AgendaLayout.swift in Sources */ = {isa = PBXBuildFile; fileRef = 57E0E5EF50C94549782B6C68 /* AgendaLayout.swift */; };
		6B796DFCFCD3E212C9A75C1C /* APIClientTests.swift in Sources */ = {isa = PBXBuildFile; fileRef = 7040616F21B9349D1274D0E3 /* APIClientTests.swift */; };
		6EB4D3D36C647416A54EF533 /* GradesViewModelTests.swift in Sources */ = {isa = PBXBuildFile; fileRef = A78B2AF50187DE635CE36194 /* GradesViewModelTests.swift */; };
		720F83C5DA47CC9F331B3C31 /* AbsencesView.swift in Sources */ = {isa = PBXBuildFile; fileRef = 34B9FE3D4B50B53B4FD7EDC0 /* AbsencesView.swift */; };
		730DDCC090B01028C4444E87 /* ReelContainerViewTests.swift in Sources */ = {isa = PBXBuildFile; fileRef = D2C37ED73B0A592B4226488E /* ReelContainerViewTests.swift */; };
		761CFD08315C6299FD1CB832 /* AgendaViewModel.swift in Sources */ = {isa = PBXBuildFile; fileRef = 09F049E13C46C67B2C5000BC /* AgendaViewModel.swift */; };
		764D81E9584621B225192442 /* GradeDetailSheet.swift in Sources */ = {isa = PBXBuildFile; fileRef = A687C8AE0023B9D836641528 /* GradeDetailSheet.swift */; };
		7AB4D28643629506DC0AC10E /* GradeRevealLogicTests.swift in Sources */ = {isa = PBXBuildFile; fileRef = 1D74620D779D71F625F0F49C /* GradeRevealLogicTests.swift */; };
		7BCD5254DF381A9ECE18D46D /* AccountDeletionUITests.swift in Sources */ = {isa = PBXBuildFile; fileRef = 918A7FCE242C9C6C996AC35B /* AccountDeletionUITests.swift */; };
		8555DBE40DB0C836553196A4 /* APIError.swift in Sources */ = {isa = PBXBuildFile; fileRef = 6584DD62502D88FE68649061 /* APIError.swift */; };
		8718E9508A8EEFE9E9C4B3B4 /* StubURLProtocol.swift in Sources */ = {isa = PBXBuildFile; fileRef = 84158B32C2A465D7C14E573B /* StubURLProtocol.swift */; };
		884BAC1DB902CFB00B5E778A /* GradeRevealSheet.swift in Sources */ = {isa = PBXBuildFile; fileRef = BBFAEBCA0C3E305CD3D12CAA /* GradeRevealSheet.swift */; };
		887BAD1591825BDBFE34F9B9 /* ConfettiView.swift in Sources */ = {isa = PBXBuildFile; fileRef = 908C1ED9BFF2D28404565922 /* ConfettiView.swift */; };
		9A9B3B7A2F5F0241F87D701A /* EventDetailSheet.swift in Sources */ = {isa = PBXBuildFile; fileRef = 7972040E4806287D8870226B /* EventDetailSheet.swift */; };
		9C43EC8A32707CF886DEE412 /* GradeSortingTests.swift in Sources */ = {isa = PBXBuildFile; fileRef = E36725FE02C0934E7D6962E2 /* GradeSortingTests.swift */; };
		A33845CCB53433444F56E36D /* GradeRevealSoundTests.swift in Sources */ = {isa = PBXBuildFile; fileRef = 2B3DCE793AF8CA980E859138 /* GradeRevealSoundTests.swift */; };
		A552E0F3117E9F04140C2D1A /* SessionStore.swift in Sources */ = {isa = PBXBuildFile; fileRef = 9B8008BAB87DDC1C67069CAF /* SessionStore.swift */; };
		A7CEAF2708FDEC418DD196C6 /* Assets.xcassets in Resources */ = {isa = PBXBuildFile; fileRef = F05D75D83B76F09F60AE34AF /* Assets.xcassets */; };
		A968CA04428AA8FAC007495A /* BetterLiseApp.swift in Sources */ = {isa = PBXBuildFile; fileRef = 727F21BE8F669FDDAA00BB88 /* BetterLiseApp.swift */; };
		ACFD2B7830038CBCF87FDF8C /* ScraperProgressTests.swift in Sources */ = {isa = PBXBuildFile; fileRef = F72E73A4424637EB13CDCEA2 /* ScraperProgressTests.swift */; };
		AF27F45BF3D34CB831CDF09B /* GradeRevealSound.swift in Sources */ = {isa = PBXBuildFile; fileRef = 8F5A4A2D53660100DEE26B72 /* GradeRevealSound.swift */; };
		B1D1944FEB6E64F4B4D73178 /* UITestSupport.swift in Sources */ = {isa = PBXBuildFile; fileRef = 6DC8A9E9FBC1D3CD173F0A43 /* UITestSupport.swift */; };
		B5C7E2C3008BFBE0A3D21D7B /* ResponseCache.swift in Sources */ = {isa = PBXBuildFile; fileRef = 0C5832C6229E26876122C3AC /* ResponseCache.swift */; };
		C4EF9F51BCC528B1B896490C /* Theme.swift in Sources */ = {isa = PBXBuildFile; fileRef = 5C9EE1312156857DFB2FCDD2 /* Theme.swift */; };
		CB76F28DA0FE551AE5687C6D /* AgendaView.swift in Sources */ = {isa = PBXBuildFile; fileRef = 2DFDB5D9DBC1B621A7D6C6F3 /* AgendaView.swift */; };
		CF977DC89B23237384C3DA26 /* AgendaViewModelTests.swift in Sources */ = {isa = PBXBuildFile; fileRef = 11443F31D86885A93225A723 /* AgendaViewModelTests.swift */; };
		D10519BC8B7892BF9B4345E3 /* GradeSorting.swift in Sources */ = {isa = PBXBuildFile; fileRef = 5FE6CF2878FDCE0010FF24AF /* GradeSorting.swift */; };
		DC07260B3B4E1CC6F08CE7CD /* StoresTests.swift in Sources */ = {isa = PBXBuildFile; fileRef = D873A7FA017323FF847C016E /* StoresTests.swift */; };
		DC84BA6FB01C62634BAD3903 /* GradeRevealLogic.swift in Sources */ = {isa = PBXBuildFile; fileRef = A5823E6BD0C30A2424D24FA5 /* GradeRevealLogic.swift */; };
		E48318CD2D2C9E04B9DC8211 /* AgendaLayoutTests.swift in Sources */ = {isa = PBXBuildFile; fileRef = A243BC10CD466C823C985DBE /* AgendaLayoutTests.swift */; };
		E5B83A749CF43E6D5480B988 /* LiseHealthMonitor.swift in Sources */ = {isa = PBXBuildFile; fileRef = 2A46CF3A97F2567E693AC448 /* LiseHealthMonitor.swift */; };
		E93968E007C6F5F08C403A5B /* AbsencesViewModel.swift in Sources */ = {isa = PBXBuildFile; fileRef = F423FD54801789F1C88C0FAA /* AbsencesViewModel.swift */; };
		F2F733FC334BCD64C2C5DFF8 /* SessionStoreTests.swift in Sources */ = {isa = PBXBuildFile; fileRef = F1C2AC9340A9845002FD7AFB /* SessionStoreTests.swift */; };
		F6B6D178E9223B869EB9C6D3 /* SecureStore.swift in Sources */ = {isa = PBXBuildFile; fileRef = 18EA2D21DA6C986A45D730D7 /* SecureStore.swift */; };
		F94E1386009BC041EFFCAD80 /* DTOs.swift in Sources */ = {isa = PBXBuildFile; fileRef = 17AA26156B20FE21C4E27EBE /* DTOs.swift */; };
/* End PBXBuildFile section */

/* Begin PBXContainerItemProxy section */
		33726FF9D21E4CE393BF4EAC /* PBXContainerItemProxy */ = {
			isa = PBXContainerItemProxy;
			containerPortal = E48084C8C86F755955275859 /* Project object */;
			proxyType = 1;
			remoteGlobalIDString = 5A16FC29F9982B270F0CF5DA;
			remoteInfo = BetterLise;
		};
		DBB7BFCB2868C084ADB56CC9 /* PBXContainerItemProxy */ = {
			isa = PBXContainerItemProxy;
			containerPortal = E48084C8C86F755955275859 /* Project object */;
			proxyType = 1;
			remoteGlobalIDString = 5A16FC29F9982B270F0CF5DA;
			remoteInfo = BetterLise;
		};
/* End PBXContainerItemProxy section */

/* Begin PBXFileReference section */
		089B5232E274EBAEDC3B7C6C /* reveal_start.m4a */ = {isa = PBXFileReference; path = reveal_start.m4a; sourceTree = "<group>"; };
		09F049E13C46C67B2C5000BC /* AgendaViewModel.swift */ = {isa = PBXFileReference; lastKnownFileType = sourcecode.swift; path = AgendaViewModel.swift; sourceTree = "<group>"; };
		0A9FAA9DC03AD0CBD2B135AA /* AppEnvironment.swift */ = {isa = PBXFileReference; lastKnownFileType = sourcecode.swift; path = AppEnvironment.swift; sourceTree = "<group>"; };
		0C5832C6229E26876122C3AC /* ResponseCache.swift */ = {isa = PBXFileReference; lastKnownFileType = sourcecode.swift; path = ResponseCache.swift; sourceTree = "<group>"; };
		11443F31D86885A93225A723 /* AgendaViewModelTests.swift */ = {isa = PBXFileReference; lastKnownFileType = sourcecode.swift; path = AgendaViewModelTests.swift; sourceTree = "<group>"; };
		17AA26156B20FE21C4E27EBE /* DTOs.swift */ = {isa = PBXFileReference; lastKnownFileType = sourcecode.swift; path = DTOs.swift; sourceTree = "<group>"; };
		18EA2D21DA6C986A45D730D7 /* SecureStore.swift */ = {isa = PBXFileReference; lastKnownFileType = sourcecode.swift; path = SecureStore.swift; sourceTree = "<group>"; };
		1D74620D779D71F625F0F49C /* GradeRevealLogicTests.swift */ = {isa = PBXFileReference; lastKnownFileType = sourcecode.swift; path = GradeRevealLogicTests.swift; sourceTree = "<group>"; };
		1D9363B3777FE074C50D445A /* ScraperProgress.swift */ = {isa = PBXFileReference; lastKnownFileType = sourcecode.swift; path = ScraperProgress.swift; sourceTree = "<group>"; };
		2A46CF3A97F2567E693AC448 /* LiseHealthMonitor.swift */ = {isa = PBXFileReference; lastKnownFileType = sourcecode.swift; path = LiseHealthMonitor.swift; sourceTree = "<group>"; };
		2B30F4DB24CF911F00EB5CB6 /* item_reveal.m4a */ = {isa = PBXFileReference; path = item_reveal.m4a; sourceTree = "<group>"; };
		2B3DCE793AF8CA980E859138 /* GradeRevealSoundTests.swift */ = {isa = PBXFileReference; lastKnownFileType = sourcecode.swift; path = GradeRevealSoundTests.swift; sourceTree = "<group>"; };
		2DFDB5D9DBC1B621A7D6C6F3 /* AgendaView.swift */ = {isa = PBXFileReference; lastKnownFileType = sourcecode.swift; path = AgendaView.swift; sourceTree = "<group>"; };
		336F9EB868AB3D647A9B6D2B /* SettingsView.swift */ = {isa = PBXFileReference; lastKnownFileType = sourcecode.swift; path = SettingsView.swift; sourceTree = "<group>"; };
		34B9FE3D4B50B53B4FD7EDC0 /* AbsencesView.swift */ = {isa = PBXFileReference; lastKnownFileType = sourcecode.swift; path = AbsencesView.swift; sourceTree = "<group>"; };
		3B6133D43A78207EDAC03009 /* ReelView.swift */ = {isa = PBXFileReference; lastKnownFileType = sourcecode.swift; path = ReelView.swift; sourceTree = "<group>"; };
		426021DFE07CB49362F2DEA2 /* SettingsStore.swift */ = {isa = PBXFileReference; lastKnownFileType = sourcecode.swift; path = SettingsStore.swift; sourceTree = "<group>"; };
		487E85E813B73462C0FEE385 /* Endpoint.swift */ = {isa = PBXFileReference; lastKnownFileType = sourcecode.swift; path = Endpoint.swift; sourceTree = "<group>"; };
		559299524D9F94B507E0087C /* LoginView.swift */ = {isa = PBXFileReference; lastKnownFileType = sourcecode.swift; path = LoginView.swift; sourceTree = "<group>"; };
		57E0E5EF50C94549782B6C68 /* AgendaLayout.swift */ = {isa = PBXFileReference; lastKnownFileType = sourcecode.swift; path = AgendaLayout.swift; sourceTree = "<group>"; };
		5C9EE1312156857DFB2FCDD2 /* Theme.swift */ = {isa = PBXFileReference; lastKnownFileType = sourcecode.swift; path = Theme.swift; sourceTree = "<group>"; };
		5D9B19889CD4A870D222D651 /* AgendaSwipeUITests.swift */ = {isa = PBXFileReference; lastKnownFileType = sourcecode.swift; path = AgendaSwipeUITests.swift; sourceTree = "<group>"; };
		5FE6CF2878FDCE0010FF24AF /* GradeSorting.swift */ = {isa = PBXFileReference; lastKnownFileType = sourcecode.swift; path = GradeSorting.swift; sourceTree = "<group>"; };
		6584DD62502D88FE68649061 /* APIError.swift */ = {isa = PBXFileReference; lastKnownFileType = sourcecode.swift; path = APIError.swift; sourceTree = "<group>"; };
		6DC8A9E9FBC1D3CD173F0A43 /* UITestSupport.swift */ = {isa = PBXFileReference; lastKnownFileType = sourcecode.swift; path = UITestSupport.swift; sourceTree = "<group>"; };
		7040616F21B9349D1274D0E3 /* APIClientTests.swift */ = {isa = PBXFileReference; lastKnownFileType = sourcecode.swift; path = APIClientTests.swift; sourceTree = "<group>"; };
		727F21BE8F669FDDAA00BB88 /* BetterLiseApp.swift */ = {isa = PBXFileReference; lastKnownFileType = sourcecode.swift; path = BetterLiseApp.swift; sourceTree = "<group>"; };
		7972040E4806287D8870226B /* EventDetailSheet.swift */ = {isa = PBXFileReference; lastKnownFileType = sourcecode.swift; path = EventDetailSheet.swift; sourceTree = "<group>"; };
		7F57BC2D9F05E33130BB2CD4 /* RevealModeUITests.swift */ = {isa = PBXFileReference; lastKnownFileType = sourcecode.swift; path = RevealModeUITests.swift; sourceTree = "<group>"; };
		8049A4601AE7E6CB63DB5787 /* reveal_tick.m4a */ = {isa = PBXFileReference; path = reveal_tick.m4a; sourceTree = "<group>"; };
		84158B32C2A465D7C14E573B /* StubURLProtocol.swift */ = {isa = PBXFileReference; lastKnownFileType = sourcecode.swift; path = StubURLProtocol.swift; sourceTree = "<group>"; };
		8A95AD370DC8D5BABA777A54 /* GradesViewModel.swift */ = {isa = PBXFileReference; lastKnownFileType = sourcecode.swift; path = GradesViewModel.swift; sourceTree = "<group>"; };
		8F5A4A2D53660100DEE26B72 /* GradeRevealSound.swift */ = {isa = PBXFileReference; lastKnownFileType = sourcecode.swift; path = GradeRevealSound.swift; sourceTree = "<group>"; };
		908C1ED9BFF2D28404565922 /* ConfettiView.swift */ = {isa = PBXFileReference; lastKnownFileType = sourcecode.swift; path = ConfettiView.swift; sourceTree = "<group>"; };
		918A7FCE242C9C6C996AC35B /* AccountDeletionUITests.swift */ = {isa = PBXFileReference; lastKnownFileType = sourcecode.swift; path = AccountDeletionUITests.swift; sourceTree = "<group>"; };
		935D3CD258BF4963983E79FC /* EventBlockView.swift */ = {isa = PBXFileReference; lastKnownFileType = sourcecode.swift; path = EventBlockView.swift; sourceTree = "<group>"; };
		9B8008BAB87DDC1C67069CAF /* SessionStore.swift */ = {isa = PBXFileReference; lastKnownFileType = sourcecode.swift; path = SessionStore.swift; sourceTree = "<group>"; };
		A243BC10CD466C823C985DBE /* AgendaLayoutTests.swift */ = {isa = PBXFileReference; lastKnownFileType = sourcecode.swift; path = AgendaLayoutTests.swift; sourceTree = "<group>"; };
		A38ED87178C26F6AB44BE13B /* Info.plist */ = {isa = PBXFileReference; lastKnownFileType = text.plist; path = Info.plist; sourceTree = "<group>"; };
		A5823E6BD0C30A2424D24FA5 /* GradeRevealLogic.swift */ = {isa = PBXFileReference; lastKnownFileType = sourcecode.swift; path = GradeRevealLogic.swift; sourceTree = "<group>"; };
		A687C8AE0023B9D836641528 /* GradeDetailSheet.swift */ = {isa = PBXFileReference; lastKnownFileType = sourcecode.swift; path = GradeDetailSheet.swift; sourceTree = "<group>"; };
		A78B2AF50187DE635CE36194 /* GradesViewModelTests.swift */ = {isa = PBXFileReference; lastKnownFileType = sourcecode.swift; path = GradesViewModelTests.swift; sourceTree = "<group>"; };
		A9DA4D8B5A48B7D0A3C13AF8 /* APIClient.swift */ = {isa = PBXFileReference; lastKnownFileType = sourcecode.swift; path = APIClient.swift; sourceTree = "<group>"; };
		AE8C007BB53402BD60CD0437 /* RootTabView.swift */ = {isa = PBXFileReference; lastKnownFileType = sourcecode.swift; path = RootTabView.swift; sourceTree = "<group>"; };
		B9A64BF92D652629883D3B71 /* ScraperLoadingView.swift */ = {isa = PBXFileReference; lastKnownFileType = sourcecode.swift; path = ScraperLoadingView.swift; sourceTree = "<group>"; };
		BAAB772168D8FE90F01BA5BE /* BetterLiseUITests.xctest */ = {isa = PBXFileReference; includeInIndex = 0; lastKnownFileType = wrapper.cfbundle; path = BetterLiseUITests.xctest; sourceTree = BUILT_PRODUCTS_DIR; };
		BBFAEBCA0C3E305CD3D12CAA /* GradeRevealSheet.swift */ = {isa = PBXFileReference; lastKnownFileType = sourcecode.swift; path = GradeRevealSheet.swift; sourceTree = "<group>"; };
		D2C37ED73B0A592B4226488E /* ReelContainerViewTests.swift */ = {isa = PBXFileReference; lastKnownFileType = sourcecode.swift; path = ReelContainerViewTests.swift; sourceTree = "<group>"; };
		D82E0C066D43B626EEF4E645 /* Debug.xcconfig */ = {isa = PBXFileReference; lastKnownFileType = text.xcconfig; path = Debug.xcconfig; sourceTree = "<group>"; };
		D873A7FA017323FF847C016E /* StoresTests.swift */ = {isa = PBXFileReference; lastKnownFileType = sourcecode.swift; path = StoresTests.swift; sourceTree = "<group>"; };
		DA747C4397038A2F51580983 /* GradesView.swift */ = {isa = PBXFileReference; lastKnownFileType = sourcecode.swift; path = GradesView.swift; sourceTree = "<group>"; };
		E1549AEFA911638FBB732CDD /* StateViews.swift */ = {isa = PBXFileReference; lastKnownFileType = sourcecode.swift; path = StateViews.swift; sourceTree = "<group>"; };
		E36725FE02C0934E7D6962E2 /* GradeSortingTests.swift */ = {isa = PBXFileReference; lastKnownFileType = sourcecode.swift; path = GradeSortingTests.swift; sourceTree = "<group>"; };
		EC1CFD545A949C99588FE4E4 /* BetterLiseTests.xctest */ = {isa = PBXFileReference; includeInIndex = 0; lastKnownFileType = wrapper.cfbundle; path = BetterLiseTests.xctest; sourceTree = BUILT_PRODUCTS_DIR; };
		EC345A7AF01AC655A122E7C8 /* Release.xcconfig */ = {isa = PBXFileReference; lastKnownFileType = text.xcconfig; path = Release.xcconfig; sourceTree = "<group>"; };
		F05D75D83B76F09F60AE34AF /* Assets.xcassets */ = {isa = PBXFileReference; lastKnownFileType = folder.assetcatalog; path = Assets.xcassets; sourceTree = "<group>"; };
		F1C2AC9340A9845002FD7AFB /* SessionStoreTests.swift */ = {isa = PBXFileReference; lastKnownFileType = sourcecode.swift; path = SessionStoreTests.swift; sourceTree = "<group>"; };
		F423FD54801789F1C88C0FAA /* AbsencesViewModel.swift */ = {isa = PBXFileReference; lastKnownFileType = sourcecode.swift; path = AbsencesViewModel.swift; sourceTree = "<group>"; };
		F60DBCF7C62C59F7ACD6F467 /* BetterLise.app */ = {isa = PBXFileReference; includeInIndex = 0; lastKnownFileType = wrapper.application; path = BetterLise.app; sourceTree = BUILT_PRODUCTS_DIR; };
		F72E73A4424637EB13CDCEA2 /* ScraperProgressTests.swift */ = {isa = PBXFileReference; lastKnownFileType = sourcecode.swift; path = ScraperProgressTests.swift; sourceTree = "<group>"; };
		F91EA7C858F85DB225F06E6B /* WeekTimelineView.swift */ = {isa = PBXFileReference; lastKnownFileType = sourcecode.swift; path = WeekTimelineView.swift; sourceTree = "<group>"; };
/* End PBXFileReference section */

/* Begin PBXGroup section */
		0E96C1E85337AAF157BB3888 /* Sounds */ = {
			isa = PBXGroup;
			children = (
				2B30F4DB24CF911F00EB5CB6 /* item_reveal.m4a */,
				089B5232E274EBAEDC3B7C6C /* reveal_start.m4a */,
				8049A4601AE7E6CB63DB5787 /* reveal_tick.m4a */,
			);
			path = Sounds;
			sourceTree = "<group>";
		};
		179289C49FC43D8C0019BA1F /* Grades */ = {
			isa = PBXGroup;
			children = (
				A687C8AE0023B9D836641528 /* GradeDetailSheet.swift */,
				5FE6CF2878FDCE0010FF24AF /* GradeSorting.swift */,
				DA747C4397038A2F51580983 /* GradesView.swift */,
				8A95AD370DC8D5BABA777A54 /* GradesViewModel.swift */,
				9166D54D8F474D22D133F63D /* Reveal */,
			);
			path = Grades;
			sourceTree = "<group>";
		};
		1ADDDAA95EFA5EE456A4A4F4 = {
			isa = PBXGroup;
			children = (
				7426420FCA30C9FC561F9670 /* BetterLise */,
				52CD77348DE8E538BB195438 /* BetterLiseTests */,
				CD47CFC8921E4C81FD5B4CA0 /* BetterLiseUITests */,
				7C24A2528523BDDB20E9F1CD /* Products */,
			);
			sourceTree = "<group>";
		};
		25BE4B358BAA338ADAD5298B /* Core */ = {
			isa = PBXGroup;
			children = (
				2F67FF839E5F0BC51ECBD8B6 /* API */,
				FFB59AAB311B8B4A11F25A36 /* Auth */,
				D28E3AB959D0538385EB16F5 /* Cache */,
				9A9AE30C29B92DAEECF65575 /* Settings */,
			);
			path = Core;
			sourceTree = "<group>";
		};
		2F67FF839E5F0BC51ECBD8B6 /* API */ = {
			isa = PBXGroup;
			children = (
				A9DA4D8B5A48B7D0A3C13AF8 /* APIClient.swift */,
				6584DD62502D88FE68649061 /* APIError.swift */,
				17AA26156B20FE21C4E27EBE /* DTOs.swift */,
				487E85E813B73462C0FEE385 /* Endpoint.swift */,
				2A46CF3A97F2567E693AC448 /* LiseHealthMonitor.swift */,
			);
			path = API;
			sourceTree = "<group>";
		};
		3D7C9270BFAE3139339188D7 /* Config */ = {
			isa = PBXGroup;
			children = (
				D82E0C066D43B626EEF4E645 /* Debug.xcconfig */,
				EC345A7AF01AC655A122E7C8 /* Release.xcconfig */,
			);
			path = Config;
			sourceTree = "<group>";
		};
		52CD77348DE8E538BB195438 /* BetterLiseTests */ = {
			isa = PBXGroup;
			children = (
				A243BC10CD466C823C985DBE /* AgendaLayoutTests.swift */,
				11443F31D86885A93225A723 /* AgendaViewModelTests.swift */,
				7040616F21B9349D1274D0E3 /* APIClientTests.swift */,
				1D74620D779D71F625F0F49C /* GradeRevealLogicTests.swift */,
				2B3DCE793AF8CA980E859138 /* GradeRevealSoundTests.swift */,
				E36725FE02C0934E7D6962E2 /* GradeSortingTests.swift */,
				A78B2AF50187DE635CE36194 /* GradesViewModelTests.swift */,
				D2C37ED73B0A592B4226488E /* ReelContainerViewTests.swift */,
				F72E73A4424637EB13CDCEA2 /* ScraperProgressTests.swift */,
				F1C2AC9340A9845002FD7AFB /* SessionStoreTests.swift */,
				D873A7FA017323FF847C016E /* StoresTests.swift */,
				84158B32C2A465D7C14E573B /* StubURLProtocol.swift */,
			);
			path = BetterLiseTests;
			sourceTree = "<group>";
		};
		57355D9C07E7575A2C736DCC /* Settings */ = {
			isa = PBXGroup;
			children = (
				336F9EB868AB3D647A9B6D2B /* SettingsView.swift */,
			);
			path = Settings;
			sourceTree = "<group>";
		};
		6FCA66928AB0D360D0F20FF0 /* Design */ = {
			isa = PBXGroup;
			children = (
				B9A64BF92D652629883D3B71 /* ScraperLoadingView.swift */,
				1D9363B3777FE074C50D445A /* ScraperProgress.swift */,
				E1549AEFA911638FBB732CDD /* StateViews.swift */,
				5C9EE1312156857DFB2FCDD2 /* Theme.swift */,
			);
			path = Design;
			sourceTree = "<group>";
		};
		72983B957493F1816CC3C852 /* Agenda */ = {
			isa = PBXGroup;
			children = (
				57E0E5EF50C94549782B6C68 /* AgendaLayout.swift */,
				2DFDB5D9DBC1B621A7D6C6F3 /* AgendaView.swift */,
				09F049E13C46C67B2C5000BC /* AgendaViewModel.swift */,
				935D3CD258BF4963983E79FC /* EventBlockView.swift */,
				7972040E4806287D8870226B /* EventDetailSheet.swift */,
				F91EA7C858F85DB225F06E6B /* WeekTimelineView.swift */,
			);
			path = Agenda;
			sourceTree = "<group>";
		};
		7426420FCA30C9FC561F9670 /* BetterLise */ = {
			isa = PBXGroup;
			children = (
				944026E079A1F1D8FCC2E34A /* App */,
				3D7C9270BFAE3139339188D7 /* Config */,
				25BE4B358BAA338ADAD5298B /* Core */,
				6FCA66928AB0D360D0F20FF0 /* Design */,
				AB3143E572462B585C9FF05B /* Features */,
				F509DDA725F8E7EE5A4A3FE5 /* Resources */,
			);
			path = BetterLise;
			sourceTree = "<group>";
		};
		7C24A2528523BDDB20E9F1CD /* Products */ = {
			isa = PBXGroup;
			children = (
				F60DBCF7C62C59F7ACD6F467 /* BetterLise.app */,
				EC1CFD545A949C99588FE4E4 /* BetterLiseTests.xctest */,
				BAAB772168D8FE90F01BA5BE /* BetterLiseUITests.xctest */,
			);
			name = Products;
			sourceTree = "<group>";
		};
		9166D54D8F474D22D133F63D /* Reveal */ = {
			isa = PBXGroup;
			children = (
				908C1ED9BFF2D28404565922 /* ConfettiView.swift */,
				A5823E6BD0C30A2424D24FA5 /* GradeRevealLogic.swift */,
				BBFAEBCA0C3E305CD3D12CAA /* GradeRevealSheet.swift */,
				8F5A4A2D53660100DEE26B72 /* GradeRevealSound.swift */,
				3B6133D43A78207EDAC03009 /* ReelView.swift */,
			);
			path = Reveal;
			sourceTree = "<group>";
		};
		944026E079A1F1D8FCC2E34A /* App */ = {
			isa = PBXGroup;
			children = (
				0A9FAA9DC03AD0CBD2B135AA /* AppEnvironment.swift */,
				727F21BE8F669FDDAA00BB88 /* BetterLiseApp.swift */,
				AE8C007BB53402BD60CD0437 /* RootTabView.swift */,
				6DC8A9E9FBC1D3CD173F0A43 /* UITestSupport.swift */,
			);
			path = App;
			sourceTree = "<group>";
		};
		9A9AE30C29B92DAEECF65575 /* Settings */ = {
			isa = PBXGroup;
			children = (
				426021DFE07CB49362F2DEA2 /* SettingsStore.swift */,
			);
			path = Settings;
			sourceTree = "<group>";
		};
		AB3143E572462B585C9FF05B /* Features */ = {
			isa = PBXGroup;
			children = (
				C95CBA26F967862667A17AC9 /* Absences */,
				72983B957493F1816CC3C852 /* Agenda */,
				179289C49FC43D8C0019BA1F /* Grades */,
				FCD5A2CFBA64F1AD9C26E2B3 /* Login */,
				57355D9C07E7575A2C736DCC /* Settings */,
			);
			path = Features;
			sourceTree = "<group>";
		};
		C95CBA26F967862667A17AC9 /* Absences */ = {
			isa = PBXGroup;
			children = (
				34B9FE3D4B50B53B4FD7EDC0 /* AbsencesView.swift */,
				F423FD54801789F1C88C0FAA /* AbsencesViewModel.swift */,
			);
			path = Absences;
			sourceTree = "<group>";
		};
		CD47CFC8921E4C81FD5B4CA0 /* BetterLiseUITests */ = {
			isa = PBXGroup;
			children = (
				918A7FCE242C9C6C996AC35B /* AccountDeletionUITests.swift */,
				5D9B19889CD4A870D222D651 /* AgendaSwipeUITests.swift */,
				7F57BC2D9F05E33130BB2CD4 /* RevealModeUITests.swift */,
			);
			path = BetterLiseUITests;
			sourceTree = "<group>";
		};
		D28E3AB959D0538385EB16F5 /* Cache */ = {
			isa = PBXGroup;
			children = (
				0C5832C6229E26876122C3AC /* ResponseCache.swift */,
			);
			path = Cache;
			sourceTree = "<group>";
		};
		F509DDA725F8E7EE5A4A3FE5 /* Resources */ = {
			isa = PBXGroup;
			children = (
				F05D75D83B76F09F60AE34AF /* Assets.xcassets */,
				A38ED87178C26F6AB44BE13B /* Info.plist */,
				0E96C1E85337AAF157BB3888 /* Sounds */,
			);
			path = Resources;
			sourceTree = "<group>";
		};
		FCD5A2CFBA64F1AD9C26E2B3 /* Login */ = {
			isa = PBXGroup;
			children = (
				559299524D9F94B507E0087C /* LoginView.swift */,
			);
			path = Login;
			sourceTree = "<group>";
		};
		FFB59AAB311B8B4A11F25A36 /* Auth */ = {
			isa = PBXGroup;
			children = (
				18EA2D21DA6C986A45D730D7 /* SecureStore.swift */,
				9B8008BAB87DDC1C67069CAF /* SessionStore.swift */,
			);
			path = Auth;
			sourceTree = "<group>";
		};
/* End PBXGroup section */

/* Begin PBXNativeTarget section */
		035236B4D3B9D9FB7E2DD8B3 /* BetterLiseUITests */ = {
			isa = PBXNativeTarget;
			buildConfigurationList = E4D3C2F633D06EEB40B16535 /* Build configuration list for PBXNativeTarget "BetterLiseUITests" */;
			buildPhases = (
				04F97326D1CB65B1CB8900D0 /* Sources */,
			);
			buildRules = (
			);
			dependencies = (
				FF15FCBA4CD8AEA88D8E013E /* PBXTargetDependency */,
			);
			name = BetterLiseUITests;
			packageProductDependencies = (
			);
			productName = BetterLiseUITests;
			productReference = BAAB772168D8FE90F01BA5BE /* BetterLiseUITests.xctest */;
			productType = "com.apple.product-type.bundle.ui-testing";
		};
		5A16FC29F9982B270F0CF5DA /* BetterLise */ = {
			isa = PBXNativeTarget;
			buildConfigurationList = EF4D7706C64F33F54CB3EC97 /* Build configuration list for PBXNativeTarget "BetterLise" */;
			buildPhases = (
				AC0A56FFC9B33762BD3DF1DD /* Sources */,
				1BDE78A82F88A80B0D2477E3 /* Resources */,
			);
			buildRules = (
			);
			dependencies = (
			);
			name = BetterLise;
			packageProductDependencies = (
			);
			productName = BetterLise;
			productReference = F60DBCF7C62C59F7ACD6F467 /* BetterLise.app */;
			productType = "com.apple.product-type.application";
		};
		B7874A319129F0E1213A6AE2 /* BetterLiseTests */ = {
			isa = PBXNativeTarget;
			buildConfigurationList = 027A74F4312C351373451F51 /* Build configuration list for PBXNativeTarget "BetterLiseTests" */;
			buildPhases = (
				6A2D29442AF2CA0A619B61DD /* Sources */,
			);
			buildRules = (
			);
			dependencies = (
				9BAA76F2A1E224F170EEE1CA /* PBXTargetDependency */,
			);
			name = BetterLiseTests;
			packageProductDependencies = (
			);
			productName = BetterLiseTests;
			productReference = EC1CFD545A949C99588FE4E4 /* BetterLiseTests.xctest */;
			productType = "com.apple.product-type.bundle.unit-test";
		};
/* End PBXNativeTarget section */

/* Begin PBXProject section */
		E48084C8C86F755955275859 /* Project object */ = {
			isa = PBXProject;
			attributes = {
				BuildIndependentTargetsInParallel = YES;
				LastUpgradeCheck = 1430;
				TargetAttributes = {
					035236B4D3B9D9FB7E2DD8B3 = {
						TestTargetID = 5A16FC29F9982B270F0CF5DA;
					};
					5A16FC29F9982B270F0CF5DA = {
						ProvisioningStyle = Automatic;
					};
				};
			};
			buildConfigurationList = 68BAC6539DB4C7951CE7F762 /* Build configuration list for PBXProject "BetterLise" */;
			developmentRegion = fr;
			hasScannedForEncodings = 0;
			knownRegions = (
				Base,
				fr,
			);
			mainGroup = 1ADDDAA95EFA5EE456A4A4F4;
			minimizedProjectReferenceProxies = 1;
			preferredProjectObjectVersion = 77;
			productRefGroup = 7C24A2528523BDDB20E9F1CD /* Products */;
			projectDirPath = "";
			projectRoot = "";
			targets = (
				5A16FC29F9982B270F0CF5DA /* BetterLise */,
				B7874A319129F0E1213A6AE2 /* BetterLiseTests */,
				035236B4D3B9D9FB7E2DD8B3 /* BetterLiseUITests */,
			);
		};
/* End PBXProject section */

/* Begin PBXResourcesBuildPhase section */
		1BDE78A82F88A80B0D2477E3 /* Resources */ = {
			isa = PBXResourcesBuildPhase;
			buildActionMask = 2147483647;
			files = (
				A7CEAF2708FDEC418DD196C6 /* Assets.xcassets in Resources */,
				2D78A044103AD21D7E2123E5 /* item_reveal.m4a in Resources */,
				36CF78D049C96A1A60B1FF2A /* reveal_start.m4a in Resources */,
				4CD3490280D579C87A4E1F41 /* reveal_tick.m4a in Resources */,
			);
			runOnlyForDeploymentPostprocessing = 0;
		};
/* End PBXResourcesBuildPhase section */

/* Begin PBXSourcesBuildPhase section */
		04F97326D1CB65B1CB8900D0 /* Sources */ = {
			isa = PBXSourcesBuildPhase;
			buildActionMask = 2147483647;
			files = (
				7BCD5254DF381A9ECE18D46D /* AccountDeletionUITests.swift in Sources */,
				1378B06D5A54B9912512505C /* AgendaSwipeUITests.swift in Sources */,
				561034162D824D7D9C3D8145 /* RevealModeUITests.swift in Sources */,
			);
			runOnlyForDeploymentPostprocessing = 0;
		};
		6A2D29442AF2CA0A619B61DD /* Sources */ = {
			isa = PBXSourcesBuildPhase;
			buildActionMask = 2147483647;
			files = (
				6B796DFCFCD3E212C9A75C1C /* APIClientTests.swift in Sources */,
				E48318CD2D2C9E04B9DC8211 /* AgendaLayoutTests.swift in Sources */,
				CF977DC89B23237384C3DA26 /* AgendaViewModelTests.swift in Sources */,
				7AB4D28643629506DC0AC10E /* GradeRevealLogicTests.swift in Sources */,
				A33845CCB53433444F56E36D /* GradeRevealSoundTests.swift in Sources */,
				9C43EC8A32707CF886DEE412 /* GradeSortingTests.swift in Sources */,
				6EB4D3D36C647416A54EF533 /* GradesViewModelTests.swift in Sources */,
				730DDCC090B01028C4444E87 /* ReelContainerViewTests.swift in Sources */,
				ACFD2B7830038CBCF87FDF8C /* ScraperProgressTests.swift in Sources */,
				F2F733FC334BCD64C2C5DFF8 /* SessionStoreTests.swift in Sources */,
				DC07260B3B4E1CC6F08CE7CD /* StoresTests.swift in Sources */,
				8718E9508A8EEFE9E9C4B3B4 /* StubURLProtocol.swift in Sources */,
			);
			runOnlyForDeploymentPostprocessing = 0;
		};
		AC0A56FFC9B33762BD3DF1DD /* Sources */ = {
			isa = PBXSourcesBuildPhase;
			buildActionMask = 2147483647;
			files = (
				5513EC188529714389C0442D /* APIClient.swift in Sources */,
				8555DBE40DB0C836553196A4 /* APIError.swift in Sources */,
				720F83C5DA47CC9F331B3C31 /* AbsencesView.swift in Sources */,
				E93968E007C6F5F08C403A5B /* AbsencesViewModel.swift in Sources */,
				65F90DD3F5800368121C86B2 /* AgendaLayout.swift in Sources */,
				CB76F28DA0FE551AE5687C6D /* AgendaView.swift in Sources */,
				761CFD08315C6299FD1CB832 /* AgendaViewModel.swift in Sources */,
				4C799A9DD74657A6AE67935E /* AppEnvironment.swift in Sources */,
				A968CA04428AA8FAC007495A /* BetterLiseApp.swift in Sources */,
				887BAD1591825BDBFE34F9B9 /* ConfettiView.swift in Sources */,
				F94E1386009BC041EFFCAD80 /* DTOs.swift in Sources */,
				0F601BF04AC19160E16CA398 /* Endpoint.swift in Sources */,
				2E18DF1F65437657A1CBDF25 /* EventBlockView.swift in Sources */,
				9A9B3B7A2F5F0241F87D701A /* EventDetailSheet.swift in Sources */,
				764D81E9584621B225192442 /* GradeDetailSheet.swift in Sources */,
				DC84BA6FB01C62634BAD3903 /* GradeRevealLogic.swift in Sources */,
				884BAC1DB902CFB00B5E778A /* GradeRevealSheet.swift in Sources */,
				AF27F45BF3D34CB831CDF09B /* GradeRevealSound.swift in Sources */,
				D10519BC8B7892BF9B4345E3 /* GradeSorting.swift in Sources */,
				0884D463920EC2C59B799D96 /* GradesView.swift in Sources */,
				228B0ED964B6B04A32643D7D /* GradesViewModel.swift in Sources */,
				E5B83A749CF43E6D5480B988 /* LiseHealthMonitor.swift in Sources */,
				5CBF6449F0F8CA99C741ABEB /* LoginView.swift in Sources */,
				28CE6586AF94BD10620EB7DA /* ReelView.swift in Sources */,
				B5C7E2C3008BFBE0A3D21D7B /* ResponseCache.swift in Sources */,
				3A474AAD290B377930D96383 /* RootTabView.swift in Sources */,
				0DDABAB94BFCC3AE450E4FC8 /* ScraperLoadingView.swift in Sources */,
				2EFE91ED74125AFD52F89512 /* ScraperProgress.swift in Sources */,
				F6B6D178E9223B869EB9C6D3 /* SecureStore.swift in Sources */,
				A552E0F3117E9F04140C2D1A /* SessionStore.swift in Sources */,
				31B725BEB3AC83703684C749 /* SettingsStore.swift in Sources */,
				02900F2394BA538C5E3EFE21 /* SettingsView.swift in Sources */,
				1A79B6D1DA8CAEE1E3B8EA8C /* StateViews.swift in Sources */,
				C4EF9F51BCC528B1B896490C /* Theme.swift in Sources */,
				B1D1944FEB6E64F4B4D73178 /* UITestSupport.swift in Sources */,
				0369555B921400DE8B8C557C /* WeekTimelineView.swift in Sources */,
			);
			runOnlyForDeploymentPostprocessing = 0;
		};
/* End PBXSourcesBuildPhase section */

/* Begin PBXTargetDependency section */
		9BAA76F2A1E224F170EEE1CA /* PBXTargetDependency */ = {
			isa = PBXTargetDependency;
			target = 5A16FC29F9982B270F0CF5DA /* BetterLise */;
			targetProxy = 33726FF9D21E4CE393BF4EAC /* PBXContainerItemProxy */;
		};
		FF15FCBA4CD8AEA88D8E013E /* PBXTargetDependency */ = {
			isa = PBXTargetDependency;
			target = 5A16FC29F9982B270F0CF5DA /* BetterLise */;
			targetProxy = DBB7BFCB2868C084ADB56CC9 /* PBXContainerItemProxy */;
		};
/* End PBXTargetDependency section */

/* Begin XCBuildConfiguration section */
		032A2FFC4FAAD3EA3352B817 /* Debug */ = {
			isa = XCBuildConfiguration;
			buildSettings = {
				BUNDLE_LOADER = "$(TEST_HOST)";
				GENERATE_INFOPLIST_FILE = YES;
				LD_RUNPATH_SEARCH_PATHS = (
					"$(inherited)",
					"@executable_path/Frameworks",
					"@loader_path/Frameworks",
				);
				PRODUCT_BUNDLE_IDENTIFIER = com.betterlise.app.uitests;
				SDKROOT = iphoneos;
				TARGETED_DEVICE_FAMILY = "1,2";
				TEST_TARGET_NAME = BetterLise;
			};
			name = Debug;
		};
		08859C50D9C3595661E37C38 /* Release */ = {
			isa = XCBuildConfiguration;
			baseConfigurationReference = EC345A7AF01AC655A122E7C8 /* Release.xcconfig */;
			buildSettings = {
				ASSETCATALOG_COMPILER_APPICON_NAME = AppIcon;
				ASSETCATALOG_COMPILER_GLOBAL_ACCENT_COLOR_NAME = AccentColor;
				CODE_SIGN_IDENTITY = "iPhone Developer";
				CODE_SIGN_STYLE = Automatic;
				GENERATE_INFOPLIST_FILE = NO;
				INFOPLIST_FILE = BetterLise/Resources/Info.plist;
				LD_RUNPATH_SEARCH_PATHS = (
					"$(inherited)",
					"@executable_path/Frameworks",
				);
				SDKROOT = iphoneos;
				TARGETED_DEVICE_FAMILY = 1;
			};
			name = Release;
		};
		5AC6782A0F0991B13E4AE898 /* Release */ = {
			isa = XCBuildConfiguration;
			buildSettings = {
				ALWAYS_SEARCH_USER_PATHS = NO;
				CLANG_ANALYZER_NONNULL = YES;
				CLANG_ANALYZER_NUMBER_OBJECT_CONVERSION = YES_AGGRESSIVE;
				CLANG_CXX_LANGUAGE_STANDARD = "gnu++14";
				CLANG_CXX_LIBRARY = "libc++";
				CLANG_ENABLE_MODULES = YES;
				CLANG_ENABLE_OBJC_ARC = YES;
				CLANG_ENABLE_OBJC_WEAK = YES;
				CLANG_WARN_BLOCK_CAPTURE_AUTORELEASING = YES;
				CLANG_WARN_BOOL_CONVERSION = YES;
				CLANG_WARN_COMMA = YES;
				CLANG_WARN_CONSTANT_CONVERSION = YES;
				CLANG_WARN_DEPRECATED_OBJC_IMPLEMENTATIONS = YES;
				CLANG_WARN_DIRECT_OBJC_ISA_USAGE = YES_ERROR;
				CLANG_WARN_DOCUMENTATION_COMMENTS = YES;
				CLANG_WARN_EMPTY_BODY = YES;
				CLANG_WARN_ENUM_CONVERSION = YES;
				CLANG_WARN_INFINITE_RECURSION = YES;
				CLANG_WARN_INT_CONVERSION = YES;
				CLANG_WARN_NON_LITERAL_NULL_CONVERSION = YES;
				CLANG_WARN_OBJC_IMPLICIT_RETAIN_SELF = YES;
				CLANG_WARN_OBJC_LITERAL_CONVERSION = YES;
				CLANG_WARN_OBJC_ROOT_CLASS = YES_ERROR;
				CLANG_WARN_QUOTED_INCLUDE_IN_FRAMEWORK_HEADER = YES;
				CLANG_WARN_RANGE_LOOP_ANALYSIS = YES;
				CLANG_WARN_STRICT_PROTOTYPES = YES;
				CLANG_WARN_SUSPICIOUS_MOVE = YES;
				CLANG_WARN_UNGUARDED_AVAILABILITY = YES_AGGRESSIVE;
				CLANG_WARN_UNREACHABLE_CODE = YES;
				CLANG_WARN__DUPLICATE_METHOD_MATCH = YES;
				COPY_PHASE_STRIP = NO;
				DEAD_CODE_STRIPPING = YES;
				DEBUG_INFORMATION_FORMAT = "dwarf-with-dsym";
				ENABLE_NS_ASSERTIONS = NO;
				ENABLE_STRICT_OBJC_MSGSEND = YES;
				ENABLE_USER_SCRIPT_SANDBOXING = YES;
				GCC_C_LANGUAGE_STANDARD = gnu11;
				GCC_NO_COMMON_BLOCKS = YES;
				GCC_WARN_64_TO_32_BIT_CONVERSION = YES;
				GCC_WARN_ABOUT_RETURN_TYPE = YES_ERROR;
				GCC_WARN_UNDECLARED_SELECTOR = YES;
				GCC_WARN_UNINITIALIZED_AUTOS = YES_AGGRESSIVE;
				GCC_WARN_UNUSED_FUNCTION = YES;
				GCC_WARN_UNUSED_VARIABLE = YES;
				IPHONEOS_DEPLOYMENT_TARGET = 17.0;
				MTL_ENABLE_DEBUG_INFO = NO;
				MTL_FAST_MATH = YES;
				PRODUCT_NAME = "$(TARGET_NAME)";
				SDKROOT = iphoneos;
				SWIFT_COMPILATION_MODE = wholemodule;
				SWIFT_OPTIMIZATION_LEVEL = "-O";
				SWIFT_STRICT_CONCURRENCY = complete;
				SWIFT_VERSION = 6.0;
			};
			name = Release;
		};
		9E8928A4754CE298922D1AEF /* Debug */ = {
			isa = XCBuildConfiguration;
			buildSettings = {
				ALWAYS_SEARCH_USER_PATHS = NO;
				CLANG_ANALYZER_NONNULL = YES;
				CLANG_ANALYZER_NUMBER_OBJECT_CONVERSION = YES_AGGRESSIVE;
				CLANG_CXX_LANGUAGE_STANDARD = "gnu++14";
				CLANG_CXX_LIBRARY = "libc++";
				CLANG_ENABLE_MODULES = YES;
				CLANG_ENABLE_OBJC_ARC = YES;
				CLANG_ENABLE_OBJC_WEAK = YES;
				CLANG_WARN_BLOCK_CAPTURE_AUTORELEASING = YES;
				CLANG_WARN_BOOL_CONVERSION = YES;
				CLANG_WARN_COMMA = YES;
				CLANG_WARN_CONSTANT_CONVERSION = YES;
				CLANG_WARN_DEPRECATED_OBJC_IMPLEMENTATIONS = YES;
				CLANG_WARN_DIRECT_OBJC_ISA_USAGE = YES_ERROR;
				CLANG_WARN_DOCUMENTATION_COMMENTS = YES;
				CLANG_WARN_EMPTY_BODY = YES;
				CLANG_WARN_ENUM_CONVERSION = YES;
				CLANG_WARN_INFINITE_RECURSION = YES;
				CLANG_WARN_INT_CONVERSION = YES;
				CLANG_WARN_NON_LITERAL_NULL_CONVERSION = YES;
				CLANG_WARN_OBJC_IMPLICIT_RETAIN_SELF = YES;
				CLANG_WARN_OBJC_LITERAL_CONVERSION = YES;
				CLANG_WARN_OBJC_ROOT_CLASS = YES_ERROR;
				CLANG_WARN_QUOTED_INCLUDE_IN_FRAMEWORK_HEADER = YES;
				CLANG_WARN_RANGE_LOOP_ANALYSIS = YES;
				CLANG_WARN_STRICT_PROTOTYPES = YES;
				CLANG_WARN_SUSPICIOUS_MOVE = YES;
				CLANG_WARN_UNGUARDED_AVAILABILITY = YES_AGGRESSIVE;
				CLANG_WARN_UNREACHABLE_CODE = YES;
				CLANG_WARN__DUPLICATE_METHOD_MATCH = YES;
				COPY_PHASE_STRIP = NO;
				DEAD_CODE_STRIPPING = YES;
				DEBUG_INFORMATION_FORMAT = dwarf;
				ENABLE_STRICT_OBJC_MSGSEND = YES;
				ENABLE_TESTABILITY = YES;
				ENABLE_USER_SCRIPT_SANDBOXING = YES;
				GCC_C_LANGUAGE_STANDARD = gnu11;
				GCC_DYNAMIC_NO_PIC = NO;
				GCC_NO_COMMON_BLOCKS = YES;
				GCC_OPTIMIZATION_LEVEL = 0;
				GCC_PREPROCESSOR_DEFINITIONS = (
					"$(inherited)",
					"DEBUG=1",
				);
				GCC_WARN_64_TO_32_BIT_CONVERSION = YES;
				GCC_WARN_ABOUT_RETURN_TYPE = YES_ERROR;
				GCC_WARN_UNDECLARED_SELECTOR = YES;
				GCC_WARN_UNINITIALIZED_AUTOS = YES_AGGRESSIVE;
				GCC_WARN_UNUSED_FUNCTION = YES;
				GCC_WARN_UNUSED_VARIABLE = YES;
				IPHONEOS_DEPLOYMENT_TARGET = 17.0;
				MTL_ENABLE_DEBUG_INFO = INCLUDE_SOURCE;
				MTL_FAST_MATH = YES;
				ONLY_ACTIVE_ARCH = YES;
				PRODUCT_NAME = "$(TARGET_NAME)";
				SDKROOT = iphoneos;
				SWIFT_ACTIVE_COMPILATION_CONDITIONS = DEBUG;
				SWIFT_OPTIMIZATION_LEVEL = "-Onone";
				SWIFT_STRICT_CONCURRENCY = complete;
				SWIFT_VERSION = 6.0;
			};
			name = Debug;
		};
		A570D8BA3E3D6B286EDA8D33 /* Release */ = {
			isa = XCBuildConfiguration;
			buildSettings = {
				BUNDLE_LOADER = "$(TEST_HOST)";
				GENERATE_INFOPLIST_FILE = YES;
				LD_RUNPATH_SEARCH_PATHS = (
					"$(inherited)",
					"@executable_path/Frameworks",
					"@loader_path/Frameworks",
				);
				PRODUCT_BUNDLE_IDENTIFIER = com.betterlise.app.tests;
				SDKROOT = iphoneos;
				TARGETED_DEVICE_FAMILY = "1,2";
				TEST_HOST = "$(BUILT_PRODUCTS_DIR)/BetterLise.app/BetterLise";
			};
			name = Release;
		};
		AEC18B0CF50DF6947B1E79FB /* Debug */ = {
			isa = XCBuildConfiguration;
			baseConfigurationReference = D82E0C066D43B626EEF4E645 /* Debug.xcconfig */;
			buildSettings = {
				ASSETCATALOG_COMPILER_APPICON_NAME = AppIcon;
				ASSETCATALOG_COMPILER_GLOBAL_ACCENT_COLOR_NAME = AccentColor;
				CODE_SIGN_IDENTITY = "iPhone Developer";
				CODE_SIGN_STYLE = Automatic;
				GENERATE_INFOPLIST_FILE = NO;
				INFOPLIST_FILE = BetterLise/Resources/Info.plist;
				LD_RUNPATH_SEARCH_PATHS = (
					"$(inherited)",
					"@executable_path/Frameworks",
				);
				SDKROOT = iphoneos;
				TARGETED_DEVICE_FAMILY = 1;
			};
			name = Debug;
		};
		BA0F07E87AB35ED0B95297C8 /* Release */ = {
			isa = XCBuildConfiguration;
			buildSettings = {
				BUNDLE_LOADER = "$(TEST_HOST)";
				GENERATE_INFOPLIST_FILE = YES;
				LD_RUNPATH_SEARCH_PATHS = (
					"$(inherited)",
					"@executable_path/Frameworks",
					"@loader_path/Frameworks",
				);
				PRODUCT_BUNDLE_IDENTIFIER = com.betterlise.app.uitests;
				SDKROOT = iphoneos;
				TARGETED_DEVICE_FAMILY = "1,2";
				TEST_TARGET_NAME = BetterLise;
			};
			name = Release;
		};
		D9FB050056ACC5F081731785 /* Debug */ = {
			isa = XCBuildConfiguration;
			buildSettings = {
				BUNDLE_LOADER = "$(TEST_HOST)";
				GENERATE_INFOPLIST_FILE = YES;
				LD_RUNPATH_SEARCH_PATHS = (
					"$(inherited)",
					"@executable_path/Frameworks",
					"@loader_path/Frameworks",
				);
				PRODUCT_BUNDLE_IDENTIFIER = com.betterlise.app.tests;
				SDKROOT = iphoneos;
				TARGETED_DEVICE_FAMILY = "1,2";
				TEST_HOST = "$(BUILT_PRODUCTS_DIR)/BetterLise.app/BetterLise";
			};
			name = Debug;
		};
/* End XCBuildConfiguration section */

/* Begin XCConfigurationList section */
		027A74F4312C351373451F51 /* Build configuration list for PBXNativeTarget "BetterLiseTests" */ = {
			isa = XCConfigurationList;
			buildConfigurations = (
				D9FB050056ACC5F081731785 /* Debug */,
				A570D8BA3E3D6B286EDA8D33 /* Release */,
			);
			defaultConfigurationIsVisible = 0;
			defaultConfigurationName = Debug;
		};
		68BAC6539DB4C7951CE7F762 /* Build configuration list for PBXProject "BetterLise" */ = {
			isa = XCConfigurationList;
			buildConfigurations = (
				9E8928A4754CE298922D1AEF /* Debug */,
				5AC6782A0F0991B13E4AE898 /* Release */,
			);
			defaultConfigurationIsVisible = 0;
			defaultConfigurationName = Debug;
		};
		E4D3C2F633D06EEB40B16535 /* Build configuration list for PBXNativeTarget "BetterLiseUITests" */ = {
			isa = XCConfigurationList;
			buildConfigurations = (
				032A2FFC4FAAD3EA3352B817 /* Debug */,
				BA0F07E87AB35ED0B95297C8 /* Release */,
			);
			defaultConfigurationIsVisible = 0;
			defaultConfigurationName = Debug;
		};
		EF4D7706C64F33F54CB3EC97 /* Build configuration list for PBXNativeTarget "BetterLise" */ = {
			isa = XCConfigurationList;
			buildConfigurations = (
				AEC18B0CF50DF6947B1E79FB /* Debug */,
				08859C50D9C3595661E37C38 /* Release */,
			);
			defaultConfigurationIsVisible = 0;
			defaultConfigurationName = Debug;
		};
/* End XCConfigurationList section */
	};
	rootObject = E48084C8C86F755955275859 /* Project object */;
}
